
Microsoft Visual Studio Solution File, Format Version 12.00
# Visual Studio Version 17
VisualStudioVersion = 17.6.33723.286
MinimumVisualStudioVersion = 10.0.40219.1
Project("{FAE04EC0-301F-11D3-BF4B-00C04F79EFBC}") = "Portfolio", "Portfolio\Portfolio.csproj", "{A1C3BA3A-052E-422C-8E5D-87C9C98B2191}"
EndProject
Global
	GlobalSection(SolutionConfigurationPlatforms) = preSolution
		Debug|Any CPU = Debug|Any CPU
		Release|Any CPU = Release|Any CPU
	EndGlobalSection
	GlobalSection(ProjectConfigurationPlatforms) = postSolution
		{A1C3BA3A-052E-422C-8E5D-87C9C98B2191}.Debug|Any CPU.ActiveCfg = Debug|Any CPU
		{A1C3BA3A-052E-422C-8E5D-87C9C98B2191}.Debug|Any CPU.Build.0 = Debug|Any CPU
		{A1C3BA3A-052E-422C-8E5D-87C9C98B2191}.Release|Any CPU.ActiveCfg = Release|Any CPU
		{A1C3BA3A-052E-422C-8E5D-87C9C98B2191}.Release|Any CPU.Build.0 = Release|Any CPU
	EndGlobalSection
	GlobalSection(SolutionProperties) = preSolution
		HideSolutionNode = FALSE
	EndGlobalSection
	GlobalSection(ExtensibilityGlobals) = postSolution
		SolutionGuid = {55065894-C121-451B-A347-F1A9A14F119E}
	EndGlobalSection
EndGlobal
